<?xml version="1.0" encoding="utf-8"?>
<Project ToolsVersion="4.0" xmlns="http://schemas.microsoft.com/developer/msbuild/2003">
  <ItemGroup>
    <Filter Include="源文件">
      <UniqueIdentifier>{4FC737F1-C7A5-4376-A066-2A32D752A2FF}</UniqueIdentifier>
      <Extensions>cpp;c;cc;cxx;def;odl;idl;hpj;bat;asm;asmx</Extensions>
    </Filter>
    <Filter Include="头文件">
      <UniqueIdentifier>{93995380-89BD-4b04-88EB-625FBE52EBFB}</UniqueIdentifier>
      <Extensions>h;hh;hpp;hxx;hm;inl;inc;xsd</Extensions>
    </Filter>
    <Filter Include="资源文件">
      <UniqueIdentifier>{67DA6AB6-F800-4c08-8B7A-83BB121AAD01}</UniqueIdentifier>
      <Extensions>rc;ico;cur;bmp;dlg;rc2;rct;bin;rgs;gif;jpg;jpeg;jpe;resx;tiff;tif;png;wav;mfcribbon-ms</Extensions>
    </Filter>
  </ItemGroup>
  <ItemGroup>
    <ClInclude Include="src\ADestroyOperator.h">
      <Filter>头文件</Filter>
    </ClInclude>
    <ClInclude Include="src\ALNS.h">
      <Filter>头文件</Filter>
    </ClInclude>
    <ClInclude Include="src\ALNS_inc.h">
      <Filter>头文件</Filter>
    </ClInclude>
    <ClInclude Include="src\ALNS_Iteration_Status.h">
      <Filter>头文件</Filter>
    </ClInclude>
    <ClInclude Include="src\ALNS_Parameters.h">
      <Filter>头文件</Filter>
    </ClInclude>
    <ClInclude Include="src\ALNSParametersoptimizable.h">
      <Filter>头文件</Filter>
    </ClInclude>
    <ClInclude Include="src\AOperator.h">
      <Filter>头文件</Filter>
    </ClInclude>
    <ClInclude Include="src\AOperatorManager.h">
      <Filter>头文件</Filter>
    </ClInclude>
    <ClInclude Include="src\ARepairOperator.h">
      <Filter>头文件</Filter>
    </ClInclude>
    <ClInclude Include="src\CoolingSchedule_Parameters.h">
      <Filter>头文件</Filter>
    </ClInclude>
    <ClInclude Include="src\CoolingScheduleFactory.h">
      <Filter>头文件</Filter>
    </ClInclude>
    <ClInclude Include="src\CoolingScheduleParametersOptimizable.h">
      <Filter>头文件</Filter>
    </ClInclude>
    <ClInclude Include="src\DummyAcceptanceModule.h">
      <Filter>头文件</Filter>
    </ClInclude>
    <ClInclude Include="src\ExponentialCoolingSchedule.h">
      <Filter>头文件</Filter>
    </ClInclude>
    <ClInclude Include="src\IAcceptanceModule.h">
      <Filter>头文件</Filter>
    </ClInclude>
    <ClInclude Include="src\IBestSolutionManager.h">
      <Filter>头文件</Filter>
    </ClInclude>
    <ClInclude Include="src\ICoolingSchedule.h">
      <Filter>头文件</Filter>
    </ClInclude>
    <ClInclude Include="src\ILocalSearch.h">
      <Filter>头文件</Filter>
    </ClInclude>
    <ClInclude Include="src\ILocalSearchManager.h">
      <Filter>头文件</Filter>
    </ClInclude>
    <ClInclude Include="src\ISolution.h">
      <Filter>头文件</Filter>
    </ClInclude>
    <ClInclude Include="src\ISolverBuilder.h">
      <Filter>头文件</Filter>
    </ClInclude>
    <ClInclude Include="src\IUpdatable.h">
      <Filter>头文件</Filter>
    </ClInclude>
    <ClInclude Include="src\LinearCoolingSchedule.h">
      <Filter>头文件</Filter>
    </ClInclude>
    <ClInclude Include="src\MixLinearCoolingSchedule.h">
      <Filter>头文件</Filter>
    </ClInclude>
    <ClInclude Include="src\OperatorManager.h">
      <Filter>头文件</Filter>
    </ClInclude>
    <ClInclude Include="src\ParameterTuning.h">
      <Filter>头文件</Filter>
    </ClInclude>
    <ClInclude Include="src\SimpleBestSolutionManager.h">
      <Filter>头文件</Filter>
    </ClInclude>
    <ClInclude Include="src\SimpleLocalSearchManager.h">
      <Filter>头文件</Filter>
    </ClInclude>
    <ClInclude Include="src\SimulatedAnnealing.h">
      <Filter>头文件</Filter>
    </ClInclude>
    <ClInclude Include="src\Statistics.h">
      <Filter>头文件</Filter>
    </ClInclude>
    <ClInclude Include="src\TimeLinearCoolingSchedule.h">
      <Filter>头文件</Filter>
    </ClInclude>
    <ClInclude Include="src\tinystr.h">
      <Filter>头文件</Filter>
    </ClInclude>
    <ClInclude Include="src\tinyxml.h">
      <Filter>头文件</Filter>
    </ClInclude>
    <ClInclude Include="src\TSP_Best_Insert.h">
      <Filter>头文件</Filter>
    </ClInclude>
    <ClInclude Include="src\TSP_History_Removal.h">
      <Filter>头文件</Filter>
    </ClInclude>
    <ClInclude Include="src\TSP_LS.h">
      <Filter>头文件</Filter>
    </ClInclude>
    <ClInclude Include="src\TSP_Random_Insert.h">
      <Filter>头文件</Filter>
    </ClInclude>
    <ClInclude Include="src\TSP_Random_Removal.h">
      <Filter>头文件</Filter>
    </ClInclude>
    <ClInclude Include="src\TSP_Worst_Removal.h">
      <Filter>头文件</Filter>
    </ClInclude>
    <ClInclude Include="src\TSPSolution.h">
      <Filter>头文件</Filter>
    </ClInclude>
  </ItemGroup>
  <ItemGroup>
    <ClCompile Include="src\ALNS.cpp">
      <Filter>源文件</Filter>
    </ClCompile>
    <ClCompile Include="src\ALNS_Parameters.cpp">
      <Filter>源文件</Filter>
    </ClCompile>
    <ClCompile Include="src\ALNSParametersoptimizable.cpp">
      <Filter>源文件</Filter>
    </ClCompile>
    <ClCompile Include="src\CoolingSchedule_Parameters.cpp">
      <Filter>源文件</Filter>
    </ClCompile>
    <ClCompile Include="src\CoolingScheduleFactory.cpp">
      <Filter>源文件</Filter>
    </ClCompile>
    <ClCompile Include="src\CoolingScheduleParametersOptimizable.cpp">
      <Filter>源文件</Filter>
    </ClCompile>
    <ClCompile Include="src\DummyAcceptanceModule.cpp">
      <Filter>源文件</Filter>
    </ClCompile>
    <ClCompile Include="src\ExponentialCoolingSchedule.cpp">
      <Filter>源文件</Filter>
    </ClCompile>
    <ClCompile Include="src\LinearCoolingSchedule.cpp">
      <Filter>源文件</Filter>
    </ClCompile>
    <ClCompile Include="src\main.cpp">
      <Filter>源文件</Filter>
    </ClCompile>
    <ClCompile Include="src\MixLinearCoolingSchedule.cpp">
      <Filter>源文件</Filter>
    </ClCompile>
    <ClCompile Include="src\OperatorManager.cpp">
      <Filter>源文件</Filter>
    </ClCompile>
    <ClCompile Include="src\ParameterTuning.cpp">
      <Filter>源文件</Filter>
    </ClCompile>
    <ClCompile Include="src\SimpleBestSolutionManager.cpp">
      <Filter>源文件</Filter>
    </ClCompile>
    <ClCompile Include="src\SimpleLocalSearchManager.cpp">
      <Filter>源文件</Filter>
    </ClCompile>
    <ClCompile Include="src\SimulatedAnnealing.cpp">
      <Filter>源文件</Filter>
    </ClCompile>
    <ClCompile Include="src\Statistics.cpp">
      <Filter>源文件</Filter>
    </ClCompile>
    <ClCompile Include="src\TimeLinearCoolingSchedule.cpp">
      <Filter>源文件</Filter>
    </ClCompile>
    <ClCompile Include="src\tinystr.cpp">
      <Filter>源文件</Filter>
    </ClCompile>
    <ClCompile Include="src\tinyxml.cpp">
      <Filter>源文件</Filter>
    </ClCompile>
    <ClCompile Include="src\tinyxmlerror.cpp">
      <Filter>源文件</Filter>
    </ClCompile>
    <ClCompile Include="src\tinyxmlparser.cpp">
      <Filter>源文件</Filter>
    </ClCompile>
    <ClCompile Include="src\TSP_Best_Insert.cpp">
      <Filter>源文件</Filter>
    </ClCompile>
    <ClCompile Include="src\TSP_History_Removal.cpp">
      <Filter>源文件</Filter>
    </ClCompile>
    <ClCompile Include="src\TSP_LS.cpp">
      <Filter>源文件</Filter>
    </ClCompile>
    <ClCompile Include="src\TSP_Random_Insert.cpp">
      <Filter>源文件</Filter>
    </ClCompile>
    <ClCompile Include="src\TSP_Random_Removal.cpp">
      <Filter>源文件</Filter>
    </ClCompile>
    <ClCompile Include="src\TSP_Worst_Removal.cpp">
      <Filter>源文件</Filter>
    </ClCompile>
    <ClCompile Include="src\TSPSolution.cpp">
      <Filter>源文件</Filter>
    </ClCompile>
  </ItemGroup>
</Project>